Microsoft Visual Studio Solution File, Format Version 12.00
# Visual Studio 2013
VisualStudioVersion = 12.0.40302.0
MinimumVisualStudioVersion = 10.0.40219.1
Project("{8BC9CEB8-8B4A-11D0-8D11-00A0C91BC942}") = "libremdisk", "libremdisk\libremdisk.vcxproj", "{AF6223A0-70E3-482E-8A95-6512451046C8}"
	ProjectSection(ProjectDependencies) = postProject
		{B09B4370-0214-4DD5-BCC2-710598EB5E53} = {B09B4370-0214-4DD5-BCC2-710598EB5E53}
	EndProjectSection
EndProject
Project("{8BC9CEB8-8B4A-11D0-8D11-00A0C91BC942}") = "dllrembisk", "dllrembisk\dllrembisk.vcxproj", "{1D596FD8-BD38-478B-84C9-B99CA92C9047}"
	ProjectSection(ProjectDependencies) = postProject
		{B09B4370-0214-4DD5-BCC2-710598EB5E53} = {B09B4370-0214-4DD5-BCC2-710598EB5E53}
		{AF6223A0-70E3-482E-8A95-6512451046C8} = {AF6223A0-70E3-482E-8A95-6512451046C8}
	EndProjectSection
EndProject
Project("{8BC9CEB8-8B4A-11D0-8D11-00A0C91BC942}") = "remcon", "remcon\remcon.vcxproj", "{E9BC6854-B409-4805-88EF-296C010C164B}"
	ProjectSection(ProjectDependencies) = postProject
		{B09B4370-0214-4DD5-BCC2-710598EB5E53} = {B09B4370-0214-4DD5-BCC2-710598EB5E53}
		{1D596FD8-BD38-478B-84C9-B99CA92C9047} = {1D596FD8-BD38-478B-84C9-B99CA92C9047}
	EndProjectSection
EndProject
Project("{2150E333-8FDC-42A3-9474-1A3956D46DE8}") = "Drivers", "Drivers", "{65EA87C4-2FD6-430E-9C2F-8E1D2D78CBBB}"
EndProject
Project("{2150E333-8FDC-42A3-9474-1A3956D46DE8}") = "Libraries", "Libraries", "{4CF8AADA-1CED-4075-83F0-02373D9B8029}"
EndProject
Project("{2150E333-8FDC-42A3-9474-1A3956D46DE8}") = "Applications", "Applications", "{A0A8B2FF-54A1-4699-A5BF-60384521610D}"
EndProject
Project("{8BC9CEB8-8B4A-11D0-8D11-00A0C91BC942}") = "RemDisk", "remdiskdrv\remdiskdrv.vcxproj", "{B09B4370-0214-4DD5-BCC2-710598EB5E53}"
EndProject
Project("{8BC9CEB8-8B4A-11D0-8D11-00A0C91BC942}") = "remdisk Package", "remdiskdrv Package\remdiskdrv Package.vcxproj", "{A1C28E70-E22F-41B5-97CC-EBDCBC42DF41}"
	ProjectSection(ProjectDependencies) = postProject
		{B09B4370-0214-4DD5-BCC2-710598EB5E53} = {B09B4370-0214-4DD5-BCC2-710598EB5E53}
		{1D596FD8-BD38-478B-84C9-B99CA92C9047} = {1D596FD8-BD38-478B-84C9-B99CA92C9047}
	EndProjectSection
EndProject
Project("{8BC9CEB8-8B4A-11D0-8D11-00A0C91BC942}") = "RemBus", "RemBus\RemBus.vcxproj", "{2F163B29-C0CD-4B90-8A3D-2FEFEAD30FCC}"
EndProject
Global
	GlobalSection(SolutionConfigurationPlatforms) = preSolution
		Debug|Win32 = Debug|Win32
		Debug|x64 = Debug|x64
		Enterprise Debug|Win32 = Enterprise Debug|Win32
		Enterprise Debug|x64 = Enterprise Debug|x64
		Enterprise Release|Win32 = Enterprise Release|Win32
		Enterprise Release|x64 = Enterprise Release|x64
		Galileo Debug|Win32 = Galileo Debug|Win32
		Galileo Debug|x64 = Galileo Debug|x64
		Galileo Release|Win32 = Galileo Release|Win32
		Galileo Release|x64 = Galileo Release|x64
		Release|Win32 = Release|Win32
		Release|x64 = Release|x64
		Vista Debug|Win32 = Vista Debug|Win32
		Vista Debug|x64 = Vista Debug|x64
		Vista Release|Win32 = Vista Release|Win32
		Vista Release|x64 = Vista Release|x64
		Win7 Debug|Win32 = Win7 Debug|Win32
		Win7 Debug|x64 = Win7 Debug|x64
		Win7 Release|Win32 = Win7 Release|Win32
		Win7 Release|x64 = Win7 Release|x64
		Win8 Debug|Win32 = Win8 Debug|Win32
		Win8 Debug|x64 = Win8 Debug|x64
		Win8 Release|Win32 = Win8 Release|Win32
		Win8 Release|x64 = Win8 Release|x64
		Win8.1 Debug|Win32 = Win8.1 Debug|Win32
		Win8.1 Debug|x64 = Win8.1 Debug|x64
		Win8.1 Release|Win32 = Win8.1 Release|Win32
		Win8.1 Release|x64 = Win8.1 Release|x64
	EndGlobalSection
	GlobalSection(ProjectConfigurationPlatforms) = postSolution
		{AF6223A0-70E3-482E-8A95-6512451046C8}.Debug|Win32.ActiveCfg = Debug|Win32
		{AF6223A0-70E3-482E-8A95-6512451046C8}.Debug|Win32.Build.0 = Debug|Win32
		{AF6223A0-70E3-482E-8A95-6512451046C8}.Debug|Win32.Deploy.0 = Debug|Win32
		{AF6223A0-70E3-482E-8A95-6512451046C8}.Debug|x64.ActiveCfg = Debug|x64
		{AF6223A0-70E3-482E-8A95-6512451046C8}.Debug|x64.Build.0 = Debug|x64
		{AF6223A0-70E3-482E-8A95-6512451046C8}.Debug|x64.Deploy.0 = Debug|x64
		{AF6223A0-70E3-482E-8A95-6512451046C8}.Enterprise Debug|Win32.ActiveCfg = Debug|Win32
		{AF6223A0-70E3-482E-8A95-6512451046C8}.Enterprise Debug|x64.ActiveCfg = Debug|x64
		{AF6223A0-70E3-482E-8A95-6512451046C8}.Enterprise Release|Win32.ActiveCfg = Release|Win32
		{AF6223A0-70E3-482E-8A95-6512451046C8}.Enterprise Release|x64.ActiveCfg = Release|x64
		{AF6223A0-70E3-482E-8A95-6512451046C8}.Galileo Debug|Win32.ActiveCfg = Debug|Win32
		{AF6223A0-70E3-482E-8A95-6512451046C8}.Galileo Debug|x64.ActiveCfg = Debug|x64
		{AF6223A0-70E3-482E-8A95-6512451046C8}.Galileo Release|Win32.ActiveCfg = Release|Win32
		{AF6223A0-70E3-482E-8A95-6512451046C8}.Galileo Release|x64.ActiveCfg = Release|x64
		{AF6223A0-70E3-482E-8A95-6512451046C8}.Release|Win32.ActiveCfg = Release|Win32
		{AF6223A0-70E3-482E-8A95-6512451046C8}.Release|Win32.Build.0 = Release|Win32
		{AF6223A0-70E3-482E-8A95-6512451046C8}.Release|Win32.Deploy.0 = Release|Win32
		{AF6223A0-70E3-482E-8A95-6512451046C8}.Release|x64.ActiveCfg = Release|x64
		{AF6223A0-70E3-482E-8A95-6512451046C8}.Release|x64.Build.0 = Release|x64
		{AF6223A0-70E3-482E-8A95-6512451046C8}.Release|x64.Deploy.0 = Release|x64
		{AF6223A0-70E3-482E-8A95-6512451046C8}.Vista Debug|Win32.ActiveCfg = Debug|Win32
		{AF6223A0-70E3-482E-8A95-6512451046C8}.Vista Debug|Win32.Build.0 = Debug|Win32
		{AF6223A0-70E3-482E-8A95-6512451046C8}.Vista Debug|Win32.Deploy.0 = Debug|Win32
		{AF6223A0-70E3-482E-8A95-6512451046C8}.Vista Debug|x64.ActiveCfg = Debug|Win32
		{AF6223A0-70E3-482E-8A95-6512451046C8}.Vista Release|Win32.ActiveCfg = Release|Win32
		{AF6223A0-70E3-482E-8A95-6512451046C8}.Vista Release|Win32.Build.0 = Release|Win32
		{AF6223A0-70E3-482E-8A95-6512451046C8}.Vista Release|Win32.Deploy.0 = Release|Win32
		{AF6223A0-70E3-482E-8A95-6512451046C8}.Vista Release|x64.ActiveCfg = Release|Win32
		{AF6223A0-70E3-482E-8A95-6512451046C8}.Win7 Debug|Win32.ActiveCfg = Debug|Win32
		{AF6223A0-70E3-482E-8A95-6512451046C8}.Win7 Debug|Win32.Build.0 = Debug|Win32
		{AF6223A0-70E3-482E-8A95-6512451046C8}.Win7 Debug|Win32.Deploy.0 = Debug|Win32
		{AF6223A0-70E3-482E-8A95-6512451046C8}.Win7 Debug|x64.ActiveCfg = Debug|Win32
		{AF6223A0-70E3-482E-8A95-6512451046C8}.Win7 Release|Win32.ActiveCfg = Release|Win32
		{AF6223A0-70E3-482E-8A95-6512451046C8}.Win7 Release|Win32.Build.0 = Release|Win32
		{AF6223A0-70E3-482E-8A95-6512451046C8}.Win7 Release|Win32.Deploy.0 = Release|Win32
		{AF6223A0-70E3-482E-8A95-6512451046C8}.Win7 Release|x64.ActiveCfg = Release|Win32
		{AF6223A0-70E3-482E-8A95-6512451046C8}.Win8 Debug|Win32.ActiveCfg = Debug|Win32
		{AF6223A0-70E3-482E-8A95-6512451046C8}.Win8 Debug|Win32.Build.0 = Debug|Win32
		{AF6223A0-70E3-482E-8A95-6512451046C8}.Win8 Debug|Win32.Deploy.0 = Debug|Win32
		{AF6223A0-70E3-482E-8A95-6512451046C8}.Win8 Debug|x64.ActiveCfg = Debug|Win32
		{AF6223A0-70E3-482E-8A95-6512451046C8}.Win8 Release|Win32.ActiveCfg = Release|Win32
		{AF6223A0-70E3-482E-8A95-6512451046C8}.Win8 Release|Win32.Build.0 = Release|Win32
		{AF6223A0-70E3-482E-8A95-6512451046C8}.Win8 Release|Win32.Deploy.0 = Release|Win32
		{AF6223A0-70E3-482E-8A95-6512451046C8}.Win8 Release|x64.ActiveCfg = Release|Win32
		{AF6223A0-70E3-482E-8A95-6512451046C8}.Win8.1 Debug|Win32.ActiveCfg = Debug|Win32
		{AF6223A0-70E3-482E-8A95-6512451046C8}.Win8.1 Debug|Win32.Build.0 = Debug|Win32
		{AF6223A0-70E3-482E-8A95-6512451046C8}.Win8.1 Debug|Win32.Deploy.0 = Debug|Win32
		{AF6223A0-70E3-482E-8A95-6512451046C8}.Win8.1 Debug|x64.ActiveCfg = Debug|Win32
		{AF6223A0-70E3-482E-8A95-6512451046C8}.Win8.1 Release|Win32.ActiveCfg = Release|Win32
		{AF6223A0-70E3-482E-8A95-6512451046C8}.Win8.1 Release|Win32.Build.0 = Release|Win32
		{AF6223A0-70E3-482E-8A95-6512451046C8}.Win8.1 Release|Win32.Deploy.0 = Release|Win32
		{AF6223A0-70E3-482E-8A95-6512451046C8}.Win8.1 Release|x64.ActiveCfg = Release|Win32
		{1D596FD8-BD38-478B-84C9-B99CA92C9047}.Debug|Win32.ActiveCfg = Debug|Win32
		{1D596FD8-BD38-478B-84C9-B99CA92C9047}.Debug|Win32.Build.0 = Debug|Win32
		{1D596FD8-BD38-478B-84C9-B99CA92C9047}.Debug|Win32.Deploy.0 = Debug|Win32
		{1D596FD8-BD38-478B-84C9-B99CA92C9047}.Debug|x64.ActiveCfg = Debug|x64
		{1D596FD8-BD38-478B-84C9-B99CA92C9047}.Debug|x64.Build.0 = Debug|x64
		{1D596FD8-BD38-478B-84C9-B99CA92C9047}.Debug|x64.Deploy.0 = Debug|x64
		{1D596FD8-BD38-478B-84C9-B99CA92C9047}.Enterprise Debug|Win32.ActiveCfg = Debug|Win32
		{1D596FD8-BD38-478B-84C9-B99CA92C9047}.Enterprise Debug|x64.ActiveCfg = Debug|x64
		{1D596FD8-BD38-478B-84C9-B99CA92C9047}.Enterprise Release|Win32.ActiveCfg = Release|Win32
		{1D596FD8-BD38-478B-84C9-B99CA92C9047}.Enterprise Release|x64.ActiveCfg = Release|x64
		{1D596FD8-BD38-478B-84C9-B99CA92C9047}.Galileo Debug|Win32.ActiveCfg = Debug|Win32
		{1D596FD8-BD38-478B-84C9-B99CA92C9047}.Galileo Debug|x64.ActiveCfg = Debug|x64
		{1D596FD8-BD38-478B-84C9-B99CA92C9047}.Galileo Release|Win32.ActiveCfg = Release|Win32
		{1D596FD8-BD38-478B-84C9-B99CA92C9047}.Galileo Release|x64.ActiveCfg = Release|x64
		{1D596FD8-BD38-478B-84C9-B99CA92C9047}.Release|Win32.ActiveCfg = Release|Win32
		{1D596FD8-BD38-478B-84C9-B99CA92C9047}.Release|Win32.Build.0 = Release|Win32
		{1D596FD8-BD38-478B-84C9-B99CA92C9047}.Release|Win32.Deploy.0 = Release|Win32
		{1D596FD8-BD38-478B-84C9-B99CA92C9047}.Release|x64.ActiveCfg = Release|x64
		{1D596FD8-BD38-478B-84C9-B99CA92C9047}.Release|x64.Build.0 = Release|x64
		{1D596FD8-BD38-478B-84C9-B99CA92C9047}.Release|x64.Deploy.0 = Release|x64
		{1D596FD8-BD38-478B-84C9-B99CA92C9047}.Vista Debug|Win32.ActiveCfg = Debug|Win32
		{1D596FD8-BD38-478B-84C9-B99CA92C9047}.Vista Debug|Win32.Build.0 = Debug|Win32
		{1D596FD8-BD38-478B-84C9-B99CA92C9047}.Vista Debug|Win32.Deploy.0 = Debug|Win32
		{1D596FD8-BD38-478B-84C9-B99CA92C9047}.Vista Debug|x64.ActiveCfg = Debug|Win32
		{1D596FD8-BD38-478B-84C9-B99CA92C9047}.Vista Release|Win32.ActiveCfg = Release|Win32
		{1D596FD8-BD38-478B-84C9-B99CA92C9047}.Vista Release|Win32.Build.0 = Release|Win32
		{1D596FD8-BD38-478B-84C9-B99CA92C9047}.Vista Release|Win32.Deploy.0 = Release|Win32
		{1D596FD8-BD38-478B-84C9-B99CA92C9047}.Vista Release|x64.ActiveCfg = Release|Win32
		{1D596FD8-BD38-478B-84C9-B99CA92C9047}.Win7 Debug|Win32.ActiveCfg = Debug|Win32
		{1D596FD8-BD38-478B-84C9-B99CA92C9047}.Win7 Debug|Win32.Build.0 = Debug|Win32
		{1D596FD8-BD38-478B-84C9-B99CA92C9047}.Win7 Debug|Win32.Deploy.0 = Debug|Win32
		{1D596FD8-BD38-478B-84C9-B99CA92C9047}.Win7 Debug|x64.ActiveCfg = Debug|Win32
		{1D596FD8-BD38-478B-84C9-B99CA92C9047}.Win7 Release|Win32.ActiveCfg = Release|Win32
		{1D596FD8-BD38-478B-84C9-B99CA92C9047}.Win7 Release|Win32.Build.0 = Release|Win32
		{1D596FD8-BD38-478B-84C9-B99CA92C9047}.Win7 Release|Win32.Deploy.0 = Release|Win32
		{1D596FD8-BD38-478B-84C9-B99CA92C9047}.Win7 Release|x64.ActiveCfg = Release|Win32
		{1D596FD8-BD38-478B-84C9-B99CA92C9047}.Win8 Debug|Win32.ActiveCfg = Debug|Win32
		{1D596FD8-BD38-478B-84C9-B99CA92C9047}.Win8 Debug|Win32.Build.0 = Debug|Win32
		{1D596FD8-BD38-478B-84C9-B99CA92C9047}.Win8 Debug|Win32.Deploy.0 = Debug|Win32
		{1D596FD8-BD38-478B-84C9-B99CA92C9047}.Win8 Debug|x64.ActiveCfg = Debug|Win32
		{1D596FD8-BD38-478B-84C9-B99CA92C9047}.Win8 Release|Win32.ActiveCfg = Release|Win32
		{1D596FD8-BD38-478B-84C9-B99CA92C9047}.Win8 Release|Win32.Build.0 = Release|Win32
		{1D596FD8-BD38-478B-84C9-B99CA92C9047}.Win8 Release|Win32.Deploy.0 = Release|Win32
		{1D596FD8-BD38-478B-84C9-B99CA92C9047}.Win8 Release|x64.ActiveCfg = Release|Win32
		{1D596FD8-BD38-478B-84C9-B99CA92C9047}.Win8.1 Debug|Win32.ActiveCfg = Debug|Win32
		{1D596FD8-BD38-478B-84C9-B99CA92C9047}.Win8.1 Debug|Win32.Build.0 = Debug|Win32
		{1D596FD8-BD38-478B-84C9-B99CA92C9047}.Win8.1 Debug|Win32.Deploy.0 = Debug|Win32
		{1D596FD8-BD38-478B-84C9-B99CA92C9047}.Win8.1 Debug|x64.ActiveCfg = Debug|Win32
		{1D596FD8-BD38-478B-84C9-B99CA92C9047}.Win8.1 Release|Win32.ActiveCfg = Release|Win32
		{1D596FD8-BD38-478B-84C9-B99CA92C9047}.Win8.1 Release|Win32.Build.0 = Release|Win32
		{1D596FD8-BD38-478B-84C9-B99CA92C9047}.Win8.1 Release|Win32.Deploy.0 = Release|Win32
		{1D596FD8-BD38-478B-84C9-B99CA92C9047}.Win8.1 Release|x64.ActiveCfg = Release|Win32
		{E9BC6854-B409-4805-88EF-296C010C164B}.Debug|Win32.ActiveCfg = Debug|Win32
		{E9BC6854-B409-4805-88EF-296C010C164B}.Debug|Win32.Build.0 = Debug|Win32
		{E9BC6854-B409-4805-88EF-296C010C164B}.Debug|Win32.Deploy.0 = Debug|Win32
		{E9BC6854-B409-4805-88EF-296C010C164B}.Debug|x64.ActiveCfg = Debug|x64
		{E9BC6854-B409-4805-88EF-296C010C164B}.Debug|x64.Build.0 = Debug|x64
		{E9BC6854-B409-4805-88EF-296C010C164B}.Debug|x64.Deploy.0 = Debug|x64
		{E9BC6854-B409-4805-88EF-296C010C164B}.Enterprise Debug|Win32.ActiveCfg = Debug|Win32
		{E9BC6854-B409-4805-88EF-296C010C164B}.Enterprise Debug|x64.ActiveCfg = Debug|x64
		{E9BC6854-B409-4805-88EF-296C010C164B}.Enterprise Release|Win32.ActiveCfg = Release|Win32
		{E9BC6854-B409-4805-88EF-296C010C164B}.Enterprise Release|x64.ActiveCfg = Release|x64
		{E9BC6854-B409-4805-88EF-296C010C164B}.Galileo Debug|Win32.ActiveCfg = Debug|Win32
		{E9BC6854-B409-4805-88EF-296C010C164B}.Galileo Debug|x64.ActiveCfg = Debug|x64
		{E9BC6854-B409-4805-88EF-296C010C164B}.Galileo Release|Win32.ActiveCfg = Release|Win32
		{E9BC6854-B409-4805-88EF-296C010C164B}.Galileo Release|x64.ActiveCfg = Release|x64
		{E9BC6854-B409-4805-88EF-296C010C164B}.Release|Win32.ActiveCfg = Release|Win32
		{E9BC6854-B409-4805-88EF-296C010C164B}.Release|Win32.Build.0 = Release|Win32
		{E9BC6854-B409-4805-88EF-296C010C164B}.Release|Win32.Deploy.0 = Release|Win32
		{E9BC6854-B409-4805-88EF-296C010C164B}.Release|x64.ActiveCfg = Release|x64
		{E9BC6854-B409-4805-88EF-296C010C164B}.Release|x64.Build.0 = Release|x64
		{E9BC6854-B409-4805-88EF-296C010C164B}.Release|x64.Deploy.0 = Release|x64
		{E9BC6854-B409-4805-88EF-296C010C164B}.Vista Debug|Win32.ActiveCfg = Debug|Win32
		{E9BC6854-B409-4805-88EF-296C010C164B}.Vista Debug|Win32.Build.0 = Debug|Win32
		{E9BC6854-B409-4805-88EF-296C010C164B}.Vista Debug|Win32.Deploy.0 = Debug|Win32
		{E9BC6854-B409-4805-88EF-296C010C164B}.Vista Debug|x64.ActiveCfg = Debug|Win32
		{E9BC6854-B409-4805-88EF-296C010C164B}.Vista Release|Win32.ActiveCfg = Release|Win32
		{E9BC6854-B409-4805-88EF-296C010C164B}.Vista Release|Win32.Build.0 = Release|Win32
		{E9BC6854-B409-4805-88EF-296C010C164B}.Vista Release|Win32.Deploy.0 = Release|Win32
		{E9BC6854-B409-4805-88EF-296C010C164B}.Vista Release|x64.ActiveCfg = Release|Win32
		{E9BC6854-B409-4805-88EF-296C010C164B}.Win7 Debug|Win32.ActiveCfg = Debug|Win32
		{E9BC6854-B409-4805-88EF-296C010C164B}.Win7 Debug|Win32.Build.0 = Debug|Win32
		{E9BC6854-B409-4805-88EF-296C010C164B}.Win7 Debug|Win32.Deploy.0 = Debug|Win32
		{E9BC6854-B409-4805-88EF-296C010C164B}.Win7 Debug|x64.ActiveCfg = Debug|Win32
		{E9BC6854-B409-4805-88EF-296C010C164B}.Win7 Release|Win32.ActiveCfg = Release|Win32
		{E9BC6854-B409-4805-88EF-296C010C164B}.Win7 Release|Win32.Build.0 = Release|Win32
		{E9BC6854-B409-4805-88EF-296C010C164B}.Win7 Release|Win32.Deploy.0 = Release|Win32
		{E9BC6854-B409-4805-88EF-296C010C164B}.Win7 Release|x64.ActiveCfg = Release|Win32
		{E9BC6854-B409-4805-88EF-296C010C164B}.Win8 Debug|Win32.ActiveCfg = Debug|Win32
		{E9BC6854-B409-4805-88EF-296C010C164B}.Win8 Debug|Win32.Build.0 = Debug|Win32
		{E9BC6854-B409-4805-88EF-296C010C164B}.Win8 Debug|Win32.Deploy.0 = Debug|Win32
		{E9BC6854-B409-4805-88EF-296C010C164B}.Win8 Debug|x64.ActiveCfg = Debug|Win32
		{E9BC6854-B409-4805-88EF-296C010C164B}.Win8 Release|Win32.ActiveCfg = Release|Win32
		{E9BC6854-B409-4805-88EF-296C010C164B}.Win8 Release|Win32.Build.0 = Release|Win32
		{E9BC6854-B409-4805-88EF-296C010C164B}.Win8 Release|Win32.Deploy.0 = Release|Win32
		{E9BC6854-B409-4805-88EF-296C010C164B}.Win8 Release|x64.ActiveCfg = Release|Win32
		{E9BC6854-B409-4805-88EF-296C010C164B}.Win8.1 Debug|Win32.ActiveCfg = Debug|Win32
		{E9BC6854-B409-4805-88EF-296C010C164B}.Win8.1 Debug|Win32.Build.0 = Debug|Win32
		{E9BC6854-B409-4805-88EF-296C010C164B}.Win8.1 Debug|Win32.Deploy.0 = Debug|Win32
		{E9BC6854-B409-4805-88EF-296C010C164B}.Win8.1 Debug|x64.ActiveCfg = Debug|Win32
		{E9BC6854-B409-4805-88EF-296C010C164B}.Win8.1 Release|Win32.ActiveCfg = Release|Win32
		{E9BC6854-B409-4805-88EF-296C010C164B}.Win8.1 Release|Win32.Build.0 = Release|Win32
		{E9BC6854-B409-4805-88EF-296C010C164B}.Win8.1 Release|Win32.Deploy.0 = Release|Win32
		{E9BC6854-B409-4805-88EF-296C010C164B}.Win8.1 Release|x64.ActiveCfg = Release|Win32
		{B09B4370-0214-4DD5-BCC2-710598EB5E53}.Debug|Win32.ActiveCfg = Debug|Win32
		{B09B4370-0214-4DD5-BCC2-710598EB5E53}.Debug|Win32.Build.0 = Debug|Win32
		{B09B4370-0214-4DD5-BCC2-710598EB5E53}.Debug|Win32.Deploy.0 = Debug|Win32
		{B09B4370-0214-4DD5-BCC2-710598EB5E53}.Debug|x64.ActiveCfg = Debug|x64
		{B09B4370-0214-4DD5-BCC2-710598EB5E53}.Debug|x64.Build.0 = Debug|x64
		{B09B4370-0214-4DD5-BCC2-710598EB5E53}.Debug|x64.Deploy.0 = Debug|x64
		{B09B4370-0214-4DD5-BCC2-710598EB5E53}.Enterprise Debug|Win32.ActiveCfg = Debug|Win32
		{B09B4370-0214-4DD5-BCC2-710598EB5E53}.Enterprise Debug|x64.ActiveCfg = Debug|x64
		{B09B4370-0214-4DD5-BCC2-710598EB5E53}.Enterprise Release|Win32.ActiveCfg = Release|Win32
		{B09B4370-0214-4DD5-BCC2-710598EB5E53}.Enterprise Release|x64.ActiveCfg = Release|x64
		{B09B4370-0214-4DD5-BCC2-710598EB5E53}.Galileo Debug|Win32.ActiveCfg = Debug|Win32
		{B09B4370-0214-4DD5-BCC2-710598EB5E53}.Galileo Debug|x64.ActiveCfg = Debug|x64
		{B09B4370-0214-4DD5-BCC2-710598EB5E53}.Galileo Release|Win32.ActiveCfg = Release|Win32
		{B09B4370-0214-4DD5-BCC2-710598EB5E53}.Galileo Release|x64.ActiveCfg = Release|x64
		{B09B4370-0214-4DD5-BCC2-710598EB5E53}.Release|Win32.ActiveCfg = Release|Win32
		{B09B4370-0214-4DD5-BCC2-710598EB5E53}.Release|Win32.Build.0 = Release|Win32
		{B09B4370-0214-4DD5-BCC2-710598EB5E53}.Release|Win32.Deploy.0 = Release|Win32
		{B09B4370-0214-4DD5-BCC2-710598EB5E53}.Release|x64.ActiveCfg = Release|x64
		{B09B4370-0214-4DD5-BCC2-710598EB5E53}.Release|x64.Build.0 = Release|x64
		{B09B4370-0214-4DD5-BCC2-710598EB5E53}.Release|x64.Deploy.0 = Release|x64
		{B09B4370-0214-4DD5-BCC2-710598EB5E53}.Vista Debug|Win32.ActiveCfg = Win8.1 Release|Win32
		{B09B4370-0214-4DD5-BCC2-710598EB5E53}.Vista Debug|Win32.Build.0 = Win8.1 Release|Win32
		{B09B4370-0214-4DD5-BCC2-710598EB5E53}.Vista Debug|Win32.Deploy.0 = Win8.1 Release|Win32
		{B09B4370-0214-4DD5-BCC2-710598EB5E53}.Vista Debug|x64.ActiveCfg = Win8.1 Release|x64
		{B09B4370-0214-4DD5-BCC2-710598EB5E53}.Vista Debug|x64.Build.0 = Win8.1 Release|x64
		{B09B4370-0214-4DD5-BCC2-710598EB5E53}.Vista Debug|x64.Deploy.0 = Win8.1 Release|x64
		{B09B4370-0214-4DD5-BCC2-710598EB5E53}.Vista Release|Win32.ActiveCfg = Win8.1 Release|Win32
		{B09B4370-0214-4DD5-BCC2-710598EB5E53}.Vista Release|Win32.Build.0 = Win8.1 Release|Win32
		{B09B4370-0214-4DD5-BCC2-710598EB5E53}.Vista Release|Win32.Deploy.0 = Win8.1 Release|Win32
		{B09B4370-0214-4DD5-BCC2-710598EB5E53}.Vista Release|x64.ActiveCfg = Win8.1 Release|x64
		{B09B4370-0214-4DD5-BCC2-710598EB5E53}.Vista Release|x64.Build.0 = Win8.1 Release|x64
		{B09B4370-0214-4DD5-BCC2-710598EB5E53}.Vista Release|x64.Deploy.0 = Win8.1 Release|x64
		{B09B4370-0214-4DD5-BCC2-710598EB5E53}.Win7 Debug|Win32.ActiveCfg = Debug|Win32
		{B09B4370-0214-4DD5-BCC2-710598EB5E53}.Win7 Debug|Win32.Build.0 = Debug|Win32
		{B09B4370-0214-4DD5-BCC2-710598EB5E53}.Win7 Debug|Win32.Deploy.0 = Debug|Win32
		{B09B4370-0214-4DD5-BCC2-710598EB5E53}.Win7 Debug|x64.ActiveCfg = Debug|x64
		{B09B4370-0214-4DD5-BCC2-710598EB5E53}.Win7 Debug|x64.Build.0 = Debug|x64
		{B09B4370-0214-4DD5-BCC2-710598EB5E53}.Win7 Debug|x64.Deploy.0 = Debug|x64
		{B09B4370-0214-4DD5-BCC2-710598EB5E53}.Win7 Release|Win32.ActiveCfg = Release|Win32
		{B09B4370-0214-4DD5-BCC2-710598EB5E53}.Win7 Release|Win32.Build.0 = Release|Win32
		{B09B4370-0214-4DD5-BCC2-710598EB5E53}.Win7 Release|Win32.Deploy.0 = Release|Win32
		{B09B4370-0214-4DD5-BCC2-710598EB5E53}.Win7 Release|x64.ActiveCfg = Release|x64
		{B09B4370-0214-4DD5-BCC2-710598EB5E53}.Win7 Release|x64.Build.0 = Release|x64
		{B09B4370-0214-4DD5-BCC2-710598EB5E53}.Win7 Release|x64.Deploy.0 = Release|x64
		{B09B4370-0214-4DD5-BCC2-710598EB5E53}.Win8 Debug|Win32.ActiveCfg = Win8 Debug|Win32
		{B09B4370-0214-4DD5-BCC2-710598EB5E53}.Win8 Debug|Win32.Build.0 = Win8 Debug|Win32
		{B09B4370-0214-4DD5-BCC2-710598EB5E53}.Win8 Debug|Win32.Deploy.0 = Win8 Debug|Win32
		{B09B4370-0214-4DD5-BCC2-710598EB5E53}.Win8 Debug|x64.ActiveCfg = Win8 Debug|x64
		{B09B4370-0214-4DD5-BCC2-710598EB5E53}.Win8 Debug|x64.Build.0 = Win8 Debug|x64
		{B09B4370-0214-4DD5-BCC2-710598EB5E53}.Win8 Debug|x64.Deploy.0 = Win8 Debug|x64
		{B09B4370-0214-4DD5-BCC2-710598EB5E53}.Win8 Release|Win32.ActiveCfg = Win8 Release|Win32
		{B09B4370-0214-4DD5-BCC2-710598EB5E53}.Win8 Release|Win32.Build.0 = Win8 Release|Win32
		{B09B4370-0214-4DD5-BCC2-710598EB5E53}.Win8 Release|Win32.Deploy.0 = Win8 Release|Win32
		{B09B4370-0214-4DD5-BCC2-710598EB5E53}.Win8 Release|x64.ActiveCfg = Win8 Release|x64
		{B09B4370-0214-4DD5-BCC2-710598EB5E53}.Win8 Release|x64.Build.0 = Win8 Release|x64
		{B09B4370-0214-4DD5-BCC2-710598EB5E53}.Win8 Release|x64.Deploy.0 = Win8 Release|x64
		{B09B4370-0214-4DD5-BCC2-710598EB5E53}.Win8.1 Debug|Win32.ActiveCfg = Win8.1 Debug|Win32
		{B09B4370-0214-4DD5-BCC2-710598EB5E53}.Win8.1 Debug|Win32.Build.0 = Win8.1 Debug|Win32
		{B09B4370-0214-4DD5-BCC2-710598EB5E53}.Win8.1 Debug|Win32.Deploy.0 = Win8.1 Debug|Win32
		{B09B4370-0214-4DD5-BCC2-710598EB5E53}.Win8.1 Debug|x64.ActiveCfg = Win8.1 Debug|x64
		{B09B4370-0214-4DD5-BCC2-710598EB5E53}.Win8.1 Debug|x64.Build.0 = Win8.1 Debug|x64
		{B09B4370-0214-4DD5-BCC2-710598EB5E53}.Win8.1 Debug|x64.Deploy.0 = Win8.1 Debug|x64
		{B09B4370-0214-4DD5-BCC2-710598EB5E53}.Win8.1 Release|Win32.ActiveCfg = Win8.1 Release|Win32
		{B09B4370-0214-4DD5-BCC2-710598EB5E53}.Win8.1 Release|Win32.Build.0 = Win8.1 Release|Win32
		{B09B4370-0214-4DD5-BCC2-710598EB5E53}.Win8.1 Release|Win32.Deploy.0 = Win8.1 Release|Win32
		{B09B4370-0214-4DD5-BCC2-710598EB5E53}.Win8.1 Release|x64.ActiveCfg = Win8.1 Release|x64
		{B09B4370-0214-4DD5-BCC2-710598EB5E53}.Win8.1 Release|x64.Build.0 = Win8.1 Release|x64
		{B09B4370-0214-4DD5-BCC2-710598EB5E53}.Win8.1 Release|x64.Deploy.0 = Win8.1 Release|x64
		{A1C28E70-E22F-41B5-97CC-EBDCBC42DF41}.Debug|Win32.ActiveCfg = Debug|Win32
		{A1C28E70-E22F-41B5-97CC-EBDCBC42DF41}.Debug|Win32.Build.0 = Debug|Win32
		{A1C28E70-E22F-41B5-97CC-EBDCBC42DF41}.Debug|Win32.Deploy.0 = Debug|Win32
		{A1C28E70-E22F-41B5-97CC-EBDCBC42DF41}.Debug|x64.ActiveCfg = Debug|x64
		{A1C28E70-E22F-41B5-97CC-EBDCBC42DF41}.Debug|x64.Build.0 = Debug|x64
		{A1C28E70-E22F-41B5-97CC-EBDCBC42DF41}.Debug|x64.Deploy.0 = Debug|x64
		{A1C28E70-E22F-41B5-97CC-EBDCBC42DF41}.Enterprise Debug|Win32.ActiveCfg = Debug|Win32
		{A1C28E70-E22F-41B5-97CC-EBDCBC42DF41}.Enterprise Debug|x64.ActiveCfg = Debug|x64
		{A1C28E70-E22F-41B5-97CC-EBDCBC42DF41}.Enterprise Release|Win32.ActiveCfg = Release|Win32
		{A1C28E70-E22F-41B5-97CC-EBDCBC42DF41}.Enterprise Release|x64.ActiveCfg = Release|x64
		{A1C28E70-E22F-41B5-97CC-EBDCBC42DF41}.Galileo Debug|Win32.ActiveCfg = Debug|Win32
		{A1C28E70-E22F-41B5-97CC-EBDCBC42DF41}.Galileo Debug|x64.ActiveCfg = Debug|x64
		{A1C28E70-E22F-41B5-97CC-EBDCBC42DF41}.Galileo Release|Win32.ActiveCfg = Release|Win32
		{A1C28E70-E22F-41B5-97CC-EBDCBC42DF41}.Galileo Release|x64.ActiveCfg = Release|x64
		{A1C28E70-E22F-41B5-97CC-EBDCBC42DF41}.Release|Win32.ActiveCfg = Release|Win32
		{A1C28E70-E22F-41B5-97CC-EBDCBC42DF41}.Release|Win32.Build.0 = Release|Win32
		{A1C28E70-E22F-41B5-97CC-EBDCBC42DF41}.Release|Win32.Deploy.0 = Release|Win32
		{A1C28E70-E22F-41B5-97CC-EBDCBC42DF41}.Release|x64.ActiveCfg = Release|x64
		{A1C28E70-E22F-41B5-97CC-EBDCBC42DF41}.Release|x64.Build.0 = Release|x64
		{A1C28E70-E22F-41B5-97CC-EBDCBC42DF41}.Release|x64.Deploy.0 = Release|x64
		{A1C28E70-E22F-41B5-97CC-EBDCBC42DF41}.Vista Debug|Win32.ActiveCfg = Win8.1 Release|Win32
		{A1C28E70-E22F-41B5-97CC-EBDCBC42DF41}.Vista Debug|Win32.Build.0 = Win8.1 Release|Win32
		{A1C28E70-E22F-41B5-97CC-EBDCBC42DF41}.Vista Debug|Win32.Deploy.0 = Win8.1 Release|Win32
		{A1C28E70-E22F-41B5-97CC-EBDCBC42DF41}.Vista Debug|x64.ActiveCfg = Win8.1 Release|x64
		{A1C28E70-E22F-41B5-97CC-EBDCBC42DF41}.Vista Debug|x64.Build.0 = Win8.1 Release|x64
		{A1C28E70-E22F-41B5-97CC-EBDCBC42DF41}.Vista Debug|x64.Deploy.0 = Win8.1 Release|x64
		{A1C28E70-E22F-41B5-97CC-EBDCBC42DF41}.Vista Release|Win32.ActiveCfg = Win8.1 Release|Win32
		{A1C28E70-E22F-41B5-97CC-EBDCBC42DF41}.Vista Release|Win32.Build.0 = Win8.1 Release|Win32
		{A1C28E70-E22F-41B5-97CC-EBDCBC42DF41}.Vista Release|Win32.Deploy.0 = Win8.1 Release|Win32
		{A1C28E70-E22F-41B5-97CC-EBDCBC42DF41}.Vista Release|x64.ActiveCfg = Win8.1 Release|x64
		{A1C28E70-E22F-41B5-97CC-EBDCBC42DF41}.Vista Release|x64.Build.0 = Win8.1 Release|x64
		{A1C28E70-E22F-41B5-97CC-EBDCBC42DF41}.Vista Release|x64.Deploy.0 = Win8.1 Release|x64
		{A1C28E70-E22F-41B5-97CC-EBDCBC42DF41}.Win7 Debug|Win32.ActiveCfg = Debug|Win32
		{A1C28E70-E22F-41B5-97CC-EBDCBC42DF41}.Win7 Debug|Win32.Build.0 = Debug|Win32
		{A1C28E70-E22F-41B5-97CC-EBDCBC42DF41}.Win7 Debug|Win32.Deploy.0 = Debug|Win32
		{A1C28E70-E22F-41B5-97CC-EBDCBC42DF41}.Win7 Debug|x64.ActiveCfg = Debug|x64
		{A1C28E70-E22F-41B5-97CC-EBDCBC42DF41}.Win7 Debug|x64.Build.0 = Debug|x64
		{A1C28E70-E22F-41B5-97CC-EBDCBC42DF41}.Win7 Debug|x64.Deploy.0 = Debug|x64
		{A1C28E70-E22F-41B5-97CC-EBDCBC42DF41}.Win7 Release|Win32.ActiveCfg = Release|Win32
		{A1C28E70-E22F-41B5-97CC-EBDCBC42DF41}.Win7 Release|Win32.Build.0 = Release|Win32
		{A1C28E70-E22F-41B5-97CC-EBDCBC42DF41}.Win7 Release|Win32.Deploy.0 = Release|Win32
		{A1C28E70-E22F-41B5-97CC-EBDCBC42DF41}.Win7 Release|x64.ActiveCfg = Release|x64
		{A1C28E70-E22F-41B5-97CC-EBDCBC42DF41}.Win7 Release|x64.Build.0 = Release|x64
		{A1C28E70-E22F-41B5-97CC-EBDCBC42DF41}.Win7 Release|x64.Deploy.0 = Release|x64
		{A1C28E70-E22F-41B5-97CC-EBDCBC42DF41}.Win8 Debug|Win32.ActiveCfg = Win8 Debug|Win32
		{A1C28E70-E22F-41B5-97CC-EBDCBC42DF41}.Win8 Debug|Win32.Build.0 = Win8 Debug|Win32
		{A1C28E70-E22F-41B5-97CC-EBDCBC42DF41}.Win8 Debug|Win32.Deploy.0 = Win8 Debug|Win32
		{A1C28E70-E22F-41B5-97CC-EBDCBC42DF41}.Win8 Debug|x64.ActiveCfg = Win8 Debug|x64
		{A1C28E70-E22F-41B5-97CC-EBDCBC42DF41}.Win8 Debug|x64.Build.0 = Win8 Debug|x64
		{A1C28E70-E22F-41B5-97CC-EBDCBC42DF41}.Win8 Debug|x64.Deploy.0 = Win8 Debug|x64
		{A1C28E70-E22F-41B5-97CC-EBDCBC42DF41}.Win8 Release|Win32.ActiveCfg = Win8 Release|Win32
		{A1C28E70-E22F-41B5-97CC-EBDCBC42DF41}.Win8 Release|Win32.Build.0 = Win8 Release|Win32
		{A1C28E70-E22F-41B5-97CC-EBDCBC42DF41}.Win8 Release|Win32.Deploy.0 = Win8 Release|Win32
		{A1C28E70-E22F-41B5-97CC-EBDCBC42DF41}.Win8 Release|x64.ActiveCfg = Win8 Release|x64
		{A1C28E70-E22F-41B5-97CC-EBDCBC42DF41}.Win8 Release|x64.Build.0 = Win8 Release|x64
		{A1C28E70-E22F-41B5-97CC-EBDCBC42DF41}.Win8 Release|x64.Deploy.0 = Win8 Release|x64
		{A1C28E70-E22F-41B5-97CC-EBDCBC42DF41}.Win8.1 Debug|Win32.ActiveCfg = Win8.1 Debug|Win32
		{A1C28E70-E22F-41B5-97CC-EBDCBC42DF41}.Win8.1 Debug|Win32.Build.0 = Win8.1 Debug|Win32
		{A1C28E70-E22F-41B5-97CC-EBDCBC42DF41}.Win8.1 Debug|Win32.Deploy.0 = Win8.1 Debug|Win32
		{A1C28E70-E22F-41B5-97CC-EBDCBC42DF41}.Win8.1 Debug|x64.ActiveCfg = Win8.1 Debug|x64
		{A1C28E70-E22F-41B5-97CC-EBDCBC42DF41}.Win8.1 Debug|x64.Build.0 = Win8.1 Debug|x64
		{A1C28E70-E22F-41B5-97CC-EBDCBC42DF41}.Win8.1 Debug|x64.Deploy.0 = Win8.1 Debug|x64
		{A1C28E70-E22F-41B5-97CC-EBDCBC42DF41}.Win8.1 Release|Win32.ActiveCfg = Win8.1 Release|Win32
		{A1C28E70-E22F-41B5-97CC-EBDCBC42DF41}.Win8.1 Release|Win32.Build.0 = Win8.1 Release|Win32
		{A1C28E70-E22F-41B5-97CC-EBDCBC42DF41}.Win8.1 Release|Win32.Deploy.0 = Win8.1 Release|Win32
		{A1C28E70-E22F-41B5-97CC-EBDCBC42DF41}.Win8.1 Release|x64.ActiveCfg = Win8.1 Release|x64
		{A1C28E70-E22F-41B5-97CC-EBDCBC42DF41}.Win8.1 Release|x64.Build.0 = Win8.1 Release|x64
		{A1C28E70-E22F-41B5-97CC-EBDCBC42DF41}.Win8.1 Release|x64.Deploy.0 = Win8.1 Release|x64
		{2F163B29-C0CD-4B90-8A3D-2FEFEAD30FCC}.Debug|Win32.ActiveCfg = Debug|Win32
		{2F163B29-C0CD-4B90-8A3D-2FEFEAD30FCC}.Debug|Win32.Build.0 = Debug|Win32
		{2F163B29-C0CD-4B90-8A3D-2FEFEAD30FCC}.Debug|Win32.Deploy.0 = Debug|Win32
		{2F163B29-C0CD-4B90-8A3D-2FEFEAD30FCC}.Debug|x64.ActiveCfg = Debug|x64
		{2F163B29-C0CD-4B90-8A3D-2FEFEAD30FCC}.Debug|x64.Build.0 = Debug|x64
		{2F163B29-C0CD-4B90-8A3D-2FEFEAD30FCC}.Debug|x64.Deploy.0 = Debug|x64
		{2F163B29-C0CD-4B90-8A3D-2FEFEAD30FCC}.Enterprise Debug|Win32.ActiveCfg = Debug|Win32
		{2F163B29-C0CD-4B90-8A3D-2FEFEAD30FCC}.Enterprise Debug|x64.ActiveCfg = Debug|x64
		{2F163B29-C0CD-4B90-8A3D-2FEFEAD30FCC}.Enterprise Release|Win32.ActiveCfg = Release|Win32
		{2F163B29-C0CD-4B90-8A3D-2FEFEAD30FCC}.Enterprise Release|x64.ActiveCfg = Release|x64
		{2F163B29-C0CD-4B90-8A3D-2FEFEAD30FCC}.Galileo Debug|Win32.ActiveCfg = Debug|Win32
		{2F163B29-C0CD-4B90-8A3D-2FEFEAD30FCC}.Galileo Debug|x64.ActiveCfg = Debug|x64
		{2F163B29-C0CD-4B90-8A3D-2FEFEAD30FCC}.Galileo Release|Win32.ActiveCfg = Release|Win32
		{2F163B29-C0CD-4B90-8A3D-2FEFEAD30FCC}.Galileo Release|x64.ActiveCfg = Release|x64
		{2F163B29-C0CD-4B90-8A3D-2FEFEAD30FCC}.Release|Win32.ActiveCfg = Release|Win32
		{2F163B29-C0CD-4B90-8A3D-2FEFEAD30FCC}.Release|Win32.Build.0 = Release|Win32
		{2F163B29-C0CD-4B90-8A3D-2FEFEAD30FCC}.Release|Win32.Deploy.0 = Release|Win32
		{2F163B29-C0CD-4B90-8A3D-2FEFEAD30FCC}.Release|x64.ActiveCfg = Release|x64
		{2F163B29-C0CD-4B90-8A3D-2FEFEAD30FCC}.Release|x64.Build.0 = Release|x64
		{2F163B29-C0CD-4B90-8A3D-2FEFEAD30FCC}.Release|x64.Deploy.0 = Release|x64
		{2F163B29-C0CD-4B90-8A3D-2FEFEAD30FCC}.Vista Debug|Win32.ActiveCfg = Win8.1 Release|Win32
		{2F163B29-C0CD-4B90-8A3D-2FEFEAD30FCC}.Vista Debug|Win32.Build.0 = Win8.1 Release|Win32
		{2F163B29-C0CD-4B90-8A3D-2FEFEAD30FCC}.Vista Debug|Win32.Deploy.0 = Win8.1 Release|Win32
		{2F163B29-C0CD-4B90-8A3D-2FEFEAD30FCC}.Vista Debug|x64.ActiveCfg = Win8.1 Release|x64
		{2F163B29-C0CD-4B90-8A3D-2FEFEAD30FCC}.Vista Debug|x64.Build.0 = Win8.1 Release|x64
		{2F163B29-C0CD-4B90-8A3D-2FEFEAD30FCC}.Vista Debug|x64.Deploy.0 = Win8.1 Release|x64
		{2F163B29-C0CD-4B90-8A3D-2FEFEAD30FCC}.Vista Release|Win32.ActiveCfg = Win8.1 Release|Win32
		{2F163B29-C0CD-4B90-8A3D-2FEFEAD30FCC}.Vista Release|Win32.Build.0 = Win8.1 Release|Win32
		{2F163B29-C0CD-4B90-8A3D-2FEFEAD30FCC}.Vista Release|Win32.Deploy.0 = Win8.1 Release|Win32
		{2F163B29-C0CD-4B90-8A3D-2FEFEAD30FCC}.Vista Release|x64.ActiveCfg = Win8.1 Release|x64
		{2F163B29-C0CD-4B90-8A3D-2FEFEAD30FCC}.Vista Release|x64.Build.0 = Win8.1 Release|x64
		{2F163B29-C0CD-4B90-8A3D-2FEFEAD30FCC}.Vista Release|x64.Deploy.0 = Win8.1 Release|x64
		{2F163B29-C0CD-4B90-8A3D-2FEFEAD30FCC}.Win7 Debug|Win32.ActiveCfg = Debug|Win32
		{2F163B29-C0CD-4B90-8A3D-2FEFEAD30FCC}.Win7 Debug|Win32.Build.0 = Debug|Win32
		{2F163B29-C0CD-4B90-8A3D-2FEFEAD30FCC}.Win7 Debug|Win32.Deploy.0 = Debug|Win32
		{2F163B29-C0CD-4B90-8A3D-2FEFEAD30FCC}.Win7 Debug|x64.ActiveCfg = Debug|x64
		{2F163B29-C0CD-4B90-8A3D-2FEFEAD30FCC}.Win7 Debug|x64.Build.0 = Debug|x64
		{2F163B29-C0CD-4B90-8A3D-2FEFEAD30FCC}.Win7 Debug|x64.Deploy.0 = Debug|x64
		{2F163B29-C0CD-4B90-8A3D-2FEFEAD30FCC}.Win7 Release|Win32.ActiveCfg = Release|Win32
		{2F163B29-C0CD-4B90-8A3D-2FEFEAD30FCC}.Win7 Release|Win32.Build.0 = Release|Win32
		{2F163B29-C0CD-4B90-8A3D-2FEFEAD30FCC}.Win7 Release|Win32.Deploy.0 = Release|Win32
		{2F163B29-C0CD-4B90-8A3D-2FEFEAD30FCC}.Win7 Release|x64.ActiveCfg = Release|x64
		{2F163B29-C0CD-4B90-8A3D-2FEFEAD30FCC}.Win7 Release|x64.Build.0 = Release|x64
		{2F163B29-C0CD-4B90-8A3D-2FEFEAD30FCC}.Win7 Release|x64.Deploy.0 = Release|x64
		{2F163B29-C0CD-4B90-8A3D-2FEFEAD30FCC}.Win8 Debug|Win32.ActiveCfg = Win8 Debug|Win32
		{2F163B29-C0CD-4B90-8A3D-2FEFEAD30FCC}.Win8 Debug|Win32.Build.0 = Win8 Debug|Win32
		{2F163B29-C0CD-4B90-8A3D-2FEFEAD30FCC}.Win8 Debug|Win32.Deploy.0 = Win8 Debug|Win32
		{2F163B29-C0CD-4B90-8A3D-2FEFEAD30FCC}.Win8 Debug|x64.ActiveCfg = Win8 Debug|x64
		{2F163B29-C0CD-4B90-8A3D-2FEFEAD30FCC}.Win8 Debug|x64.Build.0 = Win8 Debug|x64
		{2F163B29-C0CD-4B90-8A3D-2FEFEAD30FCC}.Win8 Debug|x64.Deploy.0 = Win8 Debug|x64
		{2F163B29-C0CD-4B90-8A3D-2FEFEAD30FCC}.Win8 Release|Win32.ActiveCfg = Win8 Release|Win32
		{2F163B29-C0CD-4B90-8A3D-2FEFEAD30FCC}.Win8 Release|Win32.Build.0 = Win8 Release|Win32
		{2F163B29-C0CD-4B90-8A3D-2FEFEAD30FCC}.Win8 Release|Win32.Deploy.0 = Win8 Release|Win32
		{2F163B29-C0CD-4B90-8A3D-2FEFEAD30FCC}.Win8 Release|x64.ActiveCfg = Win8 Release|x64
		{2F163B29-C0CD-4B90-8A3D-2FEFEAD30FCC}.Win8 Release|x64.Build.0 = Win8 Release|x64
		{2F163B29-C0CD-4B90-8A3D-2FEFEAD30FCC}.Win8 Release|x64.Deploy.0 = Win8 Release|x64
		{2F163B29-C0CD-4B90-8A3D-2FEFEAD30FCC}.Win8.1 Debug|Win32.ActiveCfg = Win8.1 Debug|Win32
		{2F163B29-C0CD-4B90-8A3D-2FEFEAD30FCC}.Win8.1 Debug|Win32.Build.0 = Win8.1 Debug|Win32
		{2F163B29-C0CD-4B90-8A3D-2FEFEAD30FCC}.Win8.1 Debug|Win32.Deploy.0 = Win8.1 Debug|Win32
		{2F163B29-C0CD-4B90-8A3D-2FEFEAD30FCC}.Win8.1 Debug|x64.ActiveCfg = Win8.1 Debug|x64
		{2F163B29-C0CD-4B90-8A3D-2FEFEAD30FCC}.Win8.1 Debug|x64.Build.0 = Win8.1 Debug|x64
		{2F163B29-C0CD-4B90-8A3D-2FEFEAD30FCC}.Win8.1 Debug|x64.Deploy.0 = Win8.1 Debug|x64
		{2F163B29-C0CD-4B90-8A3D-2FEFEAD30FCC}.Win8.1 Release|Win32.ActiveCfg = Win8.1 Release|Win32
		{2F163B29-C0CD-4B90-8A3D-2FEFEAD30FCC}.Win8.1 Release|Win32.Build.0 = Win8.1 Release|Win32
		{2F163B29-C0CD-4B90-8A3D-2FEFEAD30FCC}.Win8.1 Release|Win32.Deploy.0 = Win8.1 Release|Win32
		{2F163B29-C0CD-4B90-8A3D-2FEFEAD30FCC}.Win8.1 Release|x64.ActiveCfg = Win8.1 Release|x64
		{2F163B29-C0CD-4B90-8A3D-2FEFEAD30FCC}.Win8.1 Release|x64.Build.0 = Win8.1 Release|x64
		{2F163B29-C0CD-4B90-8A3D-2FEFEAD30FCC}.Win8.1 Release|x64.Deploy.0 = Win8.1 Release|x64
	EndGlobalSection
	GlobalSection(SolutionProperties) = preSolution
		HideSolutionNode = FALSE
	EndGlobalSection
	GlobalSection(NestedProjects) = preSolution
		{AF6223A0-70E3-482E-8A95-6512451046C8} = {4CF8AADA-1CED-4075-83F0-02373D9B8029}
		{1D596FD8-BD38-478B-84C9-B99CA92C9047} = {4CF8AADA-1CED-4075-83F0-02373D9B8029}
		{E9BC6854-B409-4805-88EF-296C010C164B} = {A0A8B2FF-54A1-4699-A5BF-60384521610D}
		{B09B4370-0214-4DD5-BCC2-710598EB5E53} = {65EA87C4-2FD6-430E-9C2F-8E1D2D78CBBB}
		{A1C28E70-E22F-41B5-97CC-EBDCBC42DF41} = {65EA87C4-2FD6-430E-9C2F-8E1D2D78CBBB}
		{2F163B29-C0CD-4B90-8A3D-2FEFEAD30FCC} = {65EA87C4-2FD6-430E-9C2F-8E1D2D78CBBB}
	EndGlobalSection
EndGlobal
